
Microsoft Visual Studio Solution File, Format Version 12.00
# Visual Studio Version 16
VisualStudioVersion = 16.0.31911.196
MinimumVisualStudioVersion = 10.0.40219.1
Project("{FAE04EC0-301F-11D3-BF4B-00C04F79EFBC}") = "Whislist_Programtervezési_mintak", "Whislist_Programtervezési_mintak\Whislist_Programtervezési_mintak.csproj", "{A18063B2-B212-4333-9D3E-AC8E9707DD78}"
EndProject
Global
	GlobalSection(SolutionConfigurationPlatforms) = preSolution
		Debug|Any CPU = Debug|Any CPU
		Release|Any CPU = Release|Any CPU
	EndGlobalSection
	GlobalSection(ProjectConfigurationPlatforms) = postSolution
		{A18063B2-B212-4333-9D3E-AC8E9707DD78}.Debug|Any CPU.ActiveCfg = Debug|Any CPU
		{A18063B2-B212-4333-9D3E-AC8E9707DD78}.Debug|Any CPU.Build.0 = Debug|Any CPU
		{A18063B2-B212-4333-9D3E-AC8E9707DD78}.Release|Any CPU.ActiveCfg = Release|Any CPU
		{A18063B2-B212-4333-9D3E-AC8E9707DD78}.Release|Any CPU.Build.0 = Release|Any CPU
	EndGlobalSection
	GlobalSection(SolutionProperties) = preSolution
		HideSolutionNode = FALSE
	EndGlobalSection
	GlobalSection(ExtensibilityGlobals) = postSolution
		SolutionGuid = {E850CC2B-432F-4343-92B6-9D5909057FA6}
	EndGlobalSection
EndGlobal
